
Microsoft Visual Studio Solution File, Format Version 12.00
# Visual Studio Version 17
VisualStudioVersion = 17.3.32825.248
MinimumVisualStudioVersion = 10.0.40219.1
Project("{FAE04EC0-301F-11D3-BF4B-00C04F79EFBC}") = "MyFirstApp", "MyFirstApp\MyFirstApp.csproj", "{70CD139B-25B1-4267-80EB-9390346ABCC3}"
EndProject
Global
	GlobalSection(SolutionConfigurationPlatforms) = preSolution
		Debug|Any CPU = Debug|Any CPU
		Release|Any CPU = Release|Any CPU
	EndGlobalSection
	GlobalSection(ProjectConfigurationPlatforms) = postSolution
		{70CD139B-25B1-4267-80EB-9390346ABCC3}.Debug|Any CPU.ActiveCfg = Debug|Any CPU
		{70CD139B-25B1-4267-80EB-9390346ABCC3}.Debug|Any CPU.Build.0 = Debug|Any CPU
		{70CD139B-25B1-4267-80EB-9390346ABCC3}.Release|Any CPU.ActiveCfg = Release|Any CPU
		{70CD139B-25B1-4267-80EB-9390346ABCC3}.Release|Any CPU.Build.0 = Release|Any CPU
	EndGlobalSection
	GlobalSection(SolutionProperties) = preSolution
		HideSolutionNode = FALSE
	EndGlobalSection
	GlobalSection(ExtensibilityGlobals) = postSolution
		SolutionGuid = {93BC10DC-54DE-49B9-8B94-562AA0FC24D6}
	EndGlobalSection
EndGlobal
